
Microsoft Visual Studio Solution File, Format Version 12.00
# Visual Studio Version 16
VisualStudioVersion = 16.0.32510.428
MinimumVisualStudioVersion = 10.0.40219.1
Project("{FAE04EC0-301F-11D3-BF4B-00C04F79EFBC}") = "Dotnet_Sample", "Dotnet_Sample.csproj", "{2D5DDC64-EFF0-422F-88D1-B8F2A75D198C}"
EndProject
Global
	GlobalSection(SolutionConfigurationPlatforms) = preSolution
		Debug|Any CPU = Debug|Any CPU
		Release|Any CPU = Release|Any CPU
	EndGlobalSection
	GlobalSection(ProjectConfigurationPlatforms) = postSolution
		{2D5DDC64-EFF0-422F-88D1-B8F2A75D198C}.Debug|Any CPU.ActiveCfg = Debug|Any CPU
		{2D5DDC64-EFF0-422F-88D1-B8F2A75D198C}.Debug|Any CPU.Build.0 = Debug|Any CPU
		{2D5DDC64-EFF0-422F-88D1-B8F2A75D198C}.Release|Any CPU.ActiveCfg = Release|Any CPU
		{2D5DDC64-EFF0-422F-88D1-B8F2A75D198C}.Release|Any CPU.Build.0 = Release|Any CPU
	EndGlobalSection
	GlobalSection(SolutionProperties) = preSolution
		HideSolutionNode = FALSE
	EndGlobalSection
	GlobalSection(ExtensibilityGlobals) = postSolution
		SolutionGuid = {57028F42-5722-46F4-BC19-DDE9173E7042}
	EndGlobalSection
EndGlobal
